// !$*UTF8*$!
{
	archiveVersion = 1;
	classes = {
	};
	objectVersion = 55;
	objects = {

/* Begin PBXBuildFile section */
		1C04CCB828967CD10069E000 /* MainView.swift in Sources */ = {isa = PBXBuildFile; fileRef = 1C04CCB728967CD10069E000 /* MainView.swift */; };
		1C1852ED2896B72100395266 /* SecondView.swift in Sources */ = {isa = PBXBuildFile; fileRef = 1C1852EC2896B72100395266 /* SecondView.swift */; };
		1C1852EF2896B77B00395266 /* SecondViewController.swift in Sources */ = {isa = PBXBuildFile; fileRef = 1C1852EE2896B77B00395266 /* SecondViewController.swift */; };
		1C35ADEB28967535006C785A /* AppDelegate.swift in Sources */ = {isa = PBXBuildFile; fileRef = 1C35ADEA28967535006C785A /* AppDelegate.swift */; };
		1C35ADEF28967535006C785A /* ViewController.swift in Sources */ = {isa = PBXBuildFile; fileRef = 1C35ADEE28967535006C785A /* ViewController.swift */; };
		1C35ADF428967536006C785A /* Assets.xcassets in Resources */ = {isa = PBXBuildFile; fileRef = 1C35ADF328967536006C785A /* Assets.xcassets */; };
		1C35ADF728967536006C785A /* LaunchScreen.storyboard in Resources */ = {isa = PBXBuildFile; fileRef = 1C35ADF528967536006C785A /* LaunchScreen.storyboard */; };
		1C450AC92897D99600608619 /* CalculateBrain.swift in Sources */ = {isa = PBXBuildFile; fileRef = 1C450AC82897D99600608619 /* CalculateBrain.swift */; };
		1CD6622C2897EAA4000D49FB /* BMI.swift in Sources */ = {isa = PBXBuildFile; fileRef = 1CD6622B2897EAA4000D49FB /* BMI.swift */; };
		E5C5366F21F49F6CC597A136 /* Pods_BMI_Calculator.framework in Frameworks */ = {isa = PBXBuildFile; fileRef = 77C5832AF81911A44E857498 /* Pods_BMI_Calculator.framework */; };
/* End PBXBuildFile section */

/* Begin PBXFileReference section */
		1C04CCB728967CD10069E000 /* MainView.swift */ = {isa = PBXFileReference; lastKnownFileType = sourcecode.swift; path = MainView.swift; sourceTree = "<group>"; };
		1C1852EC2896B72100395266 /* SecondView.swift */ = {isa = PBXFileReference; lastKnownFileType = sourcecode.swift; path = SecondView.swift; sourceTree = "<group>"; };
		1C1852EE2896B77B00395266 /* SecondViewController.swift */ = {isa = PBXFileReference; lastKnownFileType = sourcecode.swift; path = SecondViewController.swift; sourceTree = "<group>"; };
		1C35ADE728967535006C785A /* BMI-Calculator.app */ = {isa = PBXFileReference; explicitFileType = wrapper.application; includeInIndex = 0; path = "BMI-Calculator.app"; sourceTree = BUILT_PRODUCTS_DIR; };
		1C35ADEA28967535006C785A /* AppDelegate.swift */ = {isa = PBXFileReference; lastKnownFileType = sourcecode.swift; path = AppDelegate.swift; sourceTree = "<group>"; };
		1C35ADEE28967535006C785A /* ViewController.swift */ = {isa = PBXFileReference; lastKnownFileType = sourcecode.swift; path = ViewController.swift; sourceTree = "<group>"; };
		1C35ADF328967536006C785A /* Assets.xcassets */ = {isa = PBXFileReference; lastKnownFileType = folder.assetcatalog; path = Assets.xcassets; sourceTree = "<group>"; };
		1C35ADF628967536006C785A /* Base */ = {isa = PBXFileReference; lastKnownFileType = file.storyboard; name = Base; path = Base.lproj/LaunchScreen.storyboard; sourceTree = "<group>"; };
		1C35ADF828967536006C785A /* Info.plist */ = {isa = PBXFileReference; lastKnownFileType = text.plist.xml; path = Info.plist; sourceTree = "<group>"; };
		1C450AC82897D99600608619 /* CalculateBrain.swift */ = {isa = PBXFileReference; lastKnownFileType = sourcecode.swift; path = CalculateBrain.swift; sourceTree = "<group>"; };
		1CD6622B2897EAA4000D49FB /* BMI.swift */ = {isa = PBXFileReference; lastKnownFileType = sourcecode.swift; path = BMI.swift; sourceTree = "<group>"; };
		77C5832AF81911A44E857498 /* Pods_BMI_Calculator.framework */ = {isa = PBXFileReference; explicitFileType = wrapper.framework; includeInIndex = 0; path = Pods_BMI_Calculator.framework; sourceTree = BUILT_PRODUCTS_DIR; };
		B8ACC2917EBC778AE17F92D5 /* Pods-BMI-Calculator.release.xcconfig */ = {isa = PBXFileReference; includeInIndex = 1; lastKnownFileType = text.xcconfig; name = "Pods-BMI-Calculator.release.xcconfig"; path = "Target Support Files/Pods-BMI-Calculator/Pods-BMI-Calculator.release.xcconfig"; sourceTree = "<group>"; };
		D70818C61B5C5A998DBCD983 /* Pods-BMI-Calculator.debug.xcconfig */ = {isa = PBXFileReference; includeInIndex = 1; lastKnownFileType = text.xcconfig; name = "Pods-BMI-Calculator.debug.xcconfig"; path = "Target Support Files/Pods-BMI-Calculator/Pods-BMI-Calculator.debug.xcconfig"; sourceTree = "<group>"; };
/* End PBXFileReference section */

/* Begin PBXFrameworksBuildPhase section */
		1C35ADE428967535006C785A /* Frameworks */ = {
			isa = PBXFrameworksBuildPhase;
			buildActionMask = 2147483647;
			files = (
				E5C5366F21F49F6CC597A136 /* Pods_BMI_Calculator.framework in Frameworks */,
			);
			runOnlyForDeploymentPostprocessing = 0;
		};
/* End PBXFrameworksBuildPhase section */

/* Begin PBXGroup section */
		11E16801D0DCE73E76742460 /* Pods */ = {
			isa = PBXGroup;
			children = (
				D70818C61B5C5A998DBCD983 /* Pods-BMI-Calculator.debug.xcconfig */,
				B8ACC2917EBC778AE17F92D5 /* Pods-BMI-Calculator.release.xcconfig */,
			);
			path = Pods;
			sourceTree = "<group>";
		};
		1C04CCB328967C710069E000 /* Controller */ = {
			isa = PBXGroup;
			children = (
				1C35ADEE28967535006C785A /* ViewController.swift */,
				1C1852EE2896B77B00395266 /* SecondViewController.swift */,
			);
			path = Controller;
			sourceTree = "<group>";
		};
		1C04CCB428967C7F0069E000 /* View */ = {
			isa = PBXGroup;
			children = (
				1C04CCB728967CD10069E000 /* MainView.swift */,
				1C1852EC2896B72100395266 /* SecondView.swift */,
			);
			path = View;
			sourceTree = "<group>";
		};
		1C04CCB628967C950069E000 /* Model */ = {
			isa = PBXGroup;
			children = (
				1C450AC82897D99600608619 /* CalculateBrain.swift */,
				1CD6622B2897EAA4000D49FB /* BMI.swift */,
			);
			path = Model;
			sourceTree = "<group>";
		};
		1C35ADDE28967535006C785A = {
			isa = PBXGroup;
			children = (
				1C35ADE928967535006C785A /* BMI-Calculator */,
				1C35ADE828967535006C785A /* Products */,
				11E16801D0DCE73E76742460 /* Pods */,
				CF8AF5CD1C1F0663B536C0BA /* Frameworks */,
			);
			sourceTree = "<group>";
		};
		1C35ADE828967535006C785A /* Products */ = {
			isa = PBXGroup;
			children = (
				1C35ADE728967535006C785A /* BMI-Calculator.app */,
			);
			name = Products;
			sourceTree = "<group>";
		};
		1C35ADE928967535006C785A /* BMI-Calculator */ = {
			isa = PBXGroup;
			children = (
				1C35ADEA28967535006C785A /* AppDelegate.swift */,
				1C04CCB628967C950069E000 /* Model */,
				1C04CCB428967C7F0069E000 /* View */,
				1C04CCB328967C710069E000 /* Controller */,
				1C35ADF328967536006C785A /* Assets.xcassets */,
				1C35ADF528967536006C785A /* LaunchScreen.storyboard */,
				1C35ADF828967536006C785A /* Info.plist */,
			);
			path = "BMI-Calculator";
			sourceTree = "<group>";
		};
		CF8AF5CD1C1F0663B536C0BA /* Frameworks */ = {
			isa = PBXGroup;
			children = (
				77C5832AF81911A44E857498 /* Pods_BMI_Calculator.framework */,
			);
			name = Frameworks;
			sourceTree = "<group>";
		};
/* End PBXGroup section */

/* Begin PBXNativeTarget section */
		1C35ADE628967535006C785A /* BMI-Calculator */ = {
			isa = PBXNativeTarget;
			buildConfigurationList = 1C35ADFB28967536006C785A /* Build configuration list for PBXNativeTarget "BMI-Calculator" */;
			buildPhases = (
				0CE7FD727CAA865636755C02 /* [CP] Check Pods Manifest.lock */,
				1C35ADE328967535006C785A /* Sources */,
				1C35ADE428967535006C785A /* Frameworks */,
				1C35ADE528967535006C785A /* Resources */,
				6184FD258A1A0A5F98A7086A /* [CP] Embed Pods Frameworks */,
			);
			buildRules = (
			);
			dependencies = (
			);
			name = "BMI-Calculator";
			productName = "BMI-Calculator";
			productReference = 1C35ADE728967535006C785A /* BMI-Calculator.app */;
			productType = "com.apple.product-type.application";
		};
/* End PBXNativeTarget section */

/* Begin PBXProject section */
		1C35ADDF28967535006C785A /* Project object */ = {
			isa = PBXProject;
			attributes = {
				BuildIndependentTargetsInParallel = 1;
				LastSwiftUpdateCheck = 1340;
				LastUpgradeCheck = 1340;
				TargetAttributes = {
					1C35ADE628967535006C785A = {
						CreatedOnToolsVersion = 13.4.1;
					};
				};
			};
			buildConfigurationList = 1C35ADE228967535006C785A /* Build configuration list for PBXProject "BMI-Calculator" */;
			compatibilityVersion = "Xcode 13.0";
			developmentRegion = en;
			hasScannedForEncodings = 0;
			knownRegions = (
				en,
				Base,
			);
			mainGroup = 1C35ADDE28967535006C785A;
			productRefGroup = 1C35ADE828967535006C785A /* Products */;
			projectDirPath = "";
			projectRoot = "";
			targets = (
				1C35ADE628967535006C785A /* BMI-Calculator */,
			);
		};
/* End PBXProject section */

/* Begin PBXResourcesBuildPhase section */
		1C35ADE528967535006C785A /* Resources */ = {
			isa = PBXResourcesBuildPhase;
			buildActionMask = 2147483647;
			files = (
				1C35ADF728967536006C785A /* LaunchScreen.storyboard in Resources */,
				1C35ADF428967536006C785A /* Assets.xcassets in Resources */,
			);
			runOnlyForDeploymentPostprocessing = 0;
		};
/* End PBXResourcesBuildPhase section */

/* Begin PBXShellScriptBuildPhase section */
		0CE7FD727CAA865636755C02 /* [CP] Check Pods Manifest.lock */ = {
			isa = PBXShellScriptBuildPhase;
			buildActionMask = 2147483647;
			files = (
			);
			inputFileListPaths = (
			);
			inputPaths = (
				"${PODS_PODFILE_DIR_PATH}/Podfile.lock",
				"${PODS_ROOT}/Manifest.lock",
			);
			name = "[CP] Check Pods Manifest.lock";
			outputFileListPaths = (
			);
			outputPaths = (
				"$(DERIVED_FILE_DIR)/Pods-BMI-Calculator-checkManifestLockResult.txt",
			);
			runOnlyForDeploymentPostprocessing = 0;
			shellPath = /bin/sh;
			shellScript = "diff \"${PODS_PODFILE_DIR_PATH}/Podfile.lock\" \"${PODS_ROOT}/Manifest.lock\" > /dev/null\nif [ $? != 0 ] ; then\n    # print error to STDERR\n    echo \"error: The sandbox is not in sync with the Podfile.lock. Run 'pod install' or update your CocoaPods installation.\" >&2\n    exit 1\nfi\n# This output is used by Xcode 'outputs' to avoid re-running this script phase.\necho \"SUCCESS\" > \"${SCRIPT_OUTPUT_FILE_0}\"\n";
			showEnvVarsInLog = 0;
		};
		6184FD258A1A0A5F98A7086A /* [CP] Embed Pods Frameworks */ = {
			isa = PBXShellScriptBuildPhase;
			buildActionMask = 2147483647;
			files = (
			);
			inputFileListPaths = (
				"${PODS_ROOT}/Target Support Files/Pods-BMI-Calculator/Pods-BMI-Calculator-frameworks-${CONFIGURATION}-input-files.xcfilelist",
			);
			name = "[CP] Embed Pods Frameworks";
			outputFileListPaths = (
				"${PODS_ROOT}/Target Support Files/Pods-BMI-Calculator/Pods-BMI-Calculator-frameworks-${CONFIGURATION}-output-files.xcfilelist",
			);
			runOnlyForDeploymentPostprocessing = 0;
			shellPath = /bin/sh;
			shellScript = "\"${PODS_ROOT}/Target Support Files/Pods-BMI-Calculator/Pods-BMI-Calculator-frameworks.sh\"\n";
			showEnvVarsInLog = 0;
		};
/* End PBXShellScriptBuildPhase section */

/* Begin PBXSourcesBuildPhase section */
		1C35ADE328967535006C785A /* Sources */ = {
			isa = PBXSourcesBuildPhase;
			buildActionMask = 2147483647;
			files = (
				1C450AC92897D99600608619 /* CalculateBrain.swift in Sources */,
				1C35ADEF28967535006C785A /* ViewController.swift in Sources */,
				1C04CCB828967CD10069E000 /* MainView.swift in Sources */,
				1CD6622C2897EAA4000D49FB /* BMI.swift in Sources */,
				1C1852ED2896B72100395266 /* SecondView.swift in Sources */,
				1C1852EF2896B77B00395266 /* SecondViewController.swift in Sources */,
				1C35ADEB28967535006C785A /* AppDelegate.swift in Sources */,
			);
			runOnlyForDeploymentPostprocessing = 0;
		};
/* End PBXSourcesBuildPhase section */

/* Begin PBXVariantGroup section */
		1C35ADF528967536006C785A /* LaunchScreen.storyboard */ = {
			isa = PBXVariantGroup;
			children = (
				1C35ADF628967536006C785A /* Base */,
			);
			name = LaunchScreen.storyboard;
			sourceTree = "<group>";
		};
/* End PBXVariantGroup section */

/* Begin XCBuildConfiguration section */
		1C35ADF928967536006C785A /* Debug */ = {
			isa = XCBuildConfiguration;
			buildSettings = {
				ALWAYS_SEARCH_USER_PATHS = NO;
				CLANG_ANALYZER_NONNULL = YES;
				CLANG_ANALYZER_NUMBER_OBJECT_CONVERSION = YES_AGGRESSIVE;
				CLANG_CXX_LANGUAGE_STANDARD = "gnu++17";
				CLANG_ENABLE_MODULES = YES;
				CLANG_ENABLE_OBJC_ARC = YES;
				CLANG_ENABLE_OBJC_WEAK = YES;
				CLANG_WARN_BLOCK_CAPTURE_AUTORELEASING = YES;
				CLANG_WARN_BOOL_CONVERSION = YES;
				CLANG_WARN_COMMA = YES;
				CLANG_WARN_CONSTANT_CONVERSION = YES;
				CLANG_WARN_DEPRECATED_OBJC_IMPLEMENTATIONS = YES;
				CLANG_WARN_DIRECT_OBJC_ISA_USAGE = YES_ERROR;
				CLANG_WARN_DOCUMENTATION_COMMENTS = YES;
				CLANG_WARN_EMPTY_BODY = YES;
				CLANG_WARN_ENUM_CONVERSION = YES;
				CLANG_WARN_INFINITE_RECURSION = YES;
				CLANG_WARN_INT_CONVERSION = YES;
				CLANG_WARN_NON_LITERAL_NULL_CONVERSION = YES;
				CLANG_WARN_OBJC_IMPLICIT_RETAIN_SELF = YES;
				CLANG_WARN_OBJC_LITERAL_CONVERSION = YES;
				CLANG_WARN_OBJC_ROOT_CLASS = YES_ERROR;
				CLANG_WARN_QUOTED_INCLUDE_IN_FRAMEWORK_HEADER = YES;
				CLANG_WARN_RANGE_LOOP_ANALYSIS = YES;
				CLANG_WARN_STRICT_PROTOTYPES = YES;
				CLANG_WARN_SUSPICIOUS_MOVE = YES;
				CLANG_WARN_UNGUARDED_AVAILABILITY = YES_AGGRESSIVE;
				CLANG_WARN_UNREACHABLE_CODE = YES;
				CLANG_WARN__DUPLICATE_METHOD_MATCH = YES;
				COPY_PHASE_STRIP = NO;
				DEBUG_INFORMATION_FORMAT = dwarf;
				ENABLE_STRICT_OBJC_MSGSEND = YES;
				ENABLE_TESTABILITY = YES;
				GCC_C_LANGUAGE_STANDARD = gnu11;
				GCC_DYNAMIC_NO_PIC = NO;
				GCC_NO_COMMON_BLOCKS = YES;
				GCC_OPTIMIZATION_LEVEL = 0;
				GCC_PREPROCESSOR_DEFINITIONS = (
					"DEBUG=1",
					"$(inherited)",
				);
				GCC_WARN_64_TO_32_BIT_CONVERSION = YES;
				GCC_WARN_ABOUT_RETURN_TYPE = YES_ERROR;
				GCC_WARN_UNDECLARED_SELECTOR = YES;
				GCC_WARN_UNINITIALIZED_AUTOS = YES_AGGRESSIVE;
				GCC_WARN_UNUSED_FUNCTION = YES;
				GCC_WARN_UNUSED_VARIABLE = YES;
				IPHONEOS_DEPLOYMENT_TARGET = 15.5;
				MTL_ENABLE_DEBUG_INFO = INCLUDE_SOURCE;
				MTL_FAST_MATH = YES;
				ONLY_ACTIVE_ARCH = YES;
				SDKROOT = iphoneos;
				SWIFT_ACTIVE_COMPILATION_CONDITIONS = DEBUG;
				SWIFT_OPTIMIZATION_LEVEL = "-Onone";
			};
			name = Debug;
		};
		1C35ADFA28967536006C785A /* Release */ = {
			isa = XCBuildConfiguration;
			buildSettings = {
				ALWAYS_SEARCH_USER_PATHS = NO;
				CLANG_ANALYZER_NONNULL = YES;
				CLANG_ANALYZER_NUMBER_OBJECT_CONVERSION = YES_AGGRESSIVE;
				CLANG_CXX_LANGUAGE_STANDARD = "gnu++17";
				CLANG_ENABLE_MODULES = YES;
				CLANG_ENABLE_OBJC_ARC = YES;
				CLANG_ENABLE_OBJC_WEAK = YES;
				CLANG_WARN_BLOCK_CAPTURE_AUTORELEASING = YES;
				CLANG_WARN_BOOL_CONVERSION = YES;
				CLANG_WARN_COMMA = YES;
				CLANG_WARN_CONSTANT_CONVERSION = YES;
				CLANG_WARN_DEPRECATED_OBJC_IMPLEMENTATIONS = YES;
				CLANG_WARN_DIRECT_OBJC_ISA_USAGE = YES_ERROR;
				CLANG_WARN_DOCUMENTATION_COMMENTS = YES;
				CLANG_WARN_EMPTY_BODY = YES;
				CLANG_WARN_ENUM_CONVERSION = YES;
				CLANG_WARN_INFINITE_RECURSION = YES;
				CLANG_WARN_INT_CONVERSION = YES;
				CLANG_WARN_NON_LITERAL_NULL_CONVERSION = YES;
				CLANG_WARN_OBJC_IMPLICIT_RETAIN_SELF = YES;
				CLANG_WARN_OBJC_LITERAL_CONVERSION = YES;
				CLANG_WARN_OBJC_ROOT_CLASS = YES_ERROR;
				CLANG_WARN_QUOTED_INCLUDE_IN_FRAMEWORK_HEADER = YES;
				CLANG_WARN_RANGE_LOOP_ANALYSIS = YES;
				CLANG_WARN_STRICT_PROTOTYPES = YES;
				CLANG_WARN_SUSPICIOUS_MOVE = YES;
				CLANG_WARN_UNGUARDED_AVAILABILITY = YES_AGGRESSIVE;
				CLANG_WARN_UNREACHABLE_CODE = YES;
				CLANG_WARN__DUPLICATE_METHOD_MATCH = YES;
				COPY_PHASE_STRIP = NO;
				DEBUG_INFORMATION_FORMAT = "dwarf-with-dsym";
				ENABLE_NS_ASSERTIONS = NO;
				ENABLE_STRICT_OBJC_MSGSEND = YES;
				GCC_C_LANGUAGE_STANDARD = gnu11;
				GCC_NO_COMMON_BLOCKS = YES;
				GCC_WARN_64_TO_32_BIT_CONVERSION = YES;
				GCC_WARN_ABOUT_RETURN_TYPE = YES_ERROR;
				GCC_WARN_UNDECLARED_SELECTOR = YES;
				GCC_WARN_UNINITIALIZED_AUTOS = YES_AGGRESSIVE;
				GCC_WARN_UNUSED_FUNCTION = YES;
				GCC_WARN_UNUSED_VARIABLE = YES;
				IPHONEOS_DEPLOYMENT_TARGET = 15.5;
				MTL_ENABLE_DEBUG_INFO = NO;
				MTL_FAST_MATH = YES;
				SDKROOT = iphoneos;
				SWIFT_COMPILATION_MODE = wholemodule;
				SWIFT_OPTIMIZATION_LEVEL = "-O";
				VALIDATE_PRODUCT = YES;
			};
			name = Release;
		};
		1C35ADFC28967536006C785A /* Debug */ = {
			isa = XCBuildConfiguration;
			baseConfigurationReference = D70818C61B5C5A998DBCD983 /* Pods-BMI-Calculator.debug.xcconfig */;
			buildSettings = {
				ASSETCATALOG_COMPILER_APPICON_NAME = AppIcon;
				ASSETCATALOG_COMPILER_GLOBAL_ACCENT_COLOR_NAME = AccentColor;
				CODE_SIGN_STYLE = Automatic;
				CURRENT_PROJECT_VERSION = 1;
				GENERATE_INFOPLIST_FILE = YES;
				INFOPLIST_FILE = "BMI-Calculator/Info.plist";
				INFOPLIST_KEY_UIApplicationSupportsIndirectInputEvents = YES;
				INFOPLIST_KEY_UILaunchStoryboardName = LaunchScreen;
				INFOPLIST_KEY_UISupportedInterfaceOrientations_iPad = "UIInterfaceOrientationPortrait UIInterfaceOrientationPortraitUpsideDown UIInterfaceOrientationLandscapeLeft UIInterfaceOrientationLandscapeRight";
				INFOPLIST_KEY_UISupportedInterfaceOrientations_iPhone = "UIInterfaceOrientationPortrait UIInterfaceOrientationLandscapeLeft UIInterfaceOrientationLandscapeRight";
				LD_RUNPATH_SEARCH_PATHS = (
					"$(inherited)",
					"@executable_path/Frameworks",
				);
				MARKETING_VERSION = 1.0;
				PRODUCT_BUNDLE_IDENTIFIER = "eQip.BMI-Calculator";
				PRODUCT_NAME = "$(TARGET_NAME)";
				SWIFT_EMIT_LOC_STRINGS = YES;
				SWIFT_VERSION = 5.0;
				TARGETED_DEVICE_FAMILY = "1,2";
			};
			name = Debug;
		};
		1C35ADFD28967536006C785A /* Release */ = {
			isa = XCBuildConfiguration;
			baseConfigurationReference = B8ACC2917EBC778AE17F92D5 /* Pods-BMI-Calculator.release.xcconfig */;
			buildSettings = {
				ASSETCATALOG_COMPILER_APPICON_NAME = AppIcon;
				ASSETCATALOG_COMPILER_GLOBAL_ACCENT_COLOR_NAME = AccentColor;
				CODE_SIGN_STYLE = Automatic;
				CURRENT_PROJECT_VERSION = 1;
				GENERATE_INFOPLIST_FILE = YES;
				INFOPLIST_FILE = "BMI-Calculator/Info.plist";
				INFOPLIST_KEY_UIApplicationSupportsIndirectInputEvents = YES;
				INFOPLIST_KEY_UILaunchStoryboardName = LaunchScreen;
				INFOPLIST_KEY_UISupportedInterfaceOrientations_iPad = "UIInterfaceOrientationPortrait UIInterfaceOrientationPortraitUpsideDown UIInterfaceOrientationLandscapeLeft UIInterfaceOrientationLandscapeRight";
				INFOPLIST_KEY_UISupportedInterfaceOrientations_iPhone = "UIInterfaceOrientationPortrait UIInterfaceOrientationLandscapeLeft UIInterfaceOrientationLandscapeRight";
				LD_RUNPATH_SEARCH_PATHS = (
					"$(inherited)",
					"@executable_path/Frameworks",
				);
				MARKETING_VERSION = 1.0;
				PRODUCT_BUNDLE_IDENTIFIER = "eQip.BMI-Calculator";
				PRODUCT_NAME = "$(TARGET_NAME)";
				SWIFT_EMIT_LOC_STRINGS = YES;
				SWIFT_VERSION = 5.0;
				TARGETED_DEVICE_FAMILY = "1,2";
			};
			name = Release;
		};
/* End XCBuildConfiguration section */

/* Begin XCConfigurationList section */
		1C35ADE228967535006C785A /* Build configuration list for PBXProject "BMI-Calculator" */ = {
			isa = XCConfigurationList;
			buildConfigurations = (
				1C35ADF928967536006C785A /* Debug */,
				1C35ADFA28967536006C785A /* Release */,
			);
			defaultConfigurationIsVisible = 0;
			defaultConfigurationName = Release;
		};
		1C35ADFB28967536006C785A /* Build configuration list for PBXNativeTarget "BMI-Calculator" */ = {
			isa = XCConfigurationList;
			buildConfigurations = (
				1C35ADFC28967536006C785A /* Debug */,
				1C35ADFD28967536006C785A /* Release */,
			);
			defaultConfigurationIsVisible = 0;
			defaultConfigurationName = Release;
		};
/* End XCConfigurationList section */
	};
	rootObject = 1C35ADDF28967535006C785A /* Project object */;
}
